// !$*UTF8*$!
{
	archiveVersion = 1;
	classes = {
	};
	objectVersion = 46;
	objects = {

/* Begin PBXBuildFile section */
		CC4264CF1B80EFCA0074E254 /* main.swift in Sources */ = {isa = PBXBuildFile; fileRef = CC4264CE1B80EFCA0074E254 /* main.swift */; };
		CC4264E21B8227BF0074E254 /* CookiesTest.swift in Sources */ = {isa = PBXBuildFile; fileRef = CC4264E11B8227BF0074E254 /* CookiesTest.swift */; };
		CC4264FE1B82309B0074E254 /* BinaryCookies.swift in Sources */ = {isa = PBXBuildFile; fileRef = CC4264FD1B82309B0074E254 /* BinaryCookies.swift */; };
		CC4264FF1B82309B0074E254 /* BinaryCookies.swift in Sources */ = {isa = PBXBuildFile; fileRef = CC4264FD1B82309B0074E254 /* BinaryCookies.swift */; };
		CC4265011B8230CD0074E254 /* Info.plist in Resources */ = {isa = PBXBuildFile; fileRef = CC4265001B8230CD0074E254 /* Info.plist */; };
/* End PBXBuildFile section */

/* Begin PBXCopyFilesBuildPhase section */
		CC4264C91B80EFCA0074E254 /* CopyFiles */ = {
			isa = PBXCopyFilesBuildPhase;
			buildActionMask = 2147483647;
			dstPath = /usr/share/man/man1/;
			dstSubfolderSpec = 0;
			files = (
			);
			runOnlyForDeploymentPostprocessing = 1;
		};
/* End PBXCopyFilesBuildPhase section */

/* Begin PBXFileReference section */
		CC4264CB1B80EFCA0074E254 /* Cookies */ = {isa = PBXFileReference; explicitFileType = "compiled.mach-o.executable"; includeInIndex = 0; path = Cookies; sourceTree = BUILT_PRODUCTS_DIR; };
		CC4264CE1B80EFCA0074E254 /* main.swift */ = {isa = PBXFileReference; lastKnownFileType = sourcecode.swift; path = main.swift; sourceTree = "<group>"; };
		CC4264DF1B8227BF0074E254 /* CookiesTest.xctest */ = {isa = PBXFileReference; explicitFileType = wrapper.cfbundle; includeInIndex = 0; path = CookiesTest.xctest; sourceTree = BUILT_PRODUCTS_DIR; };
		CC4264E11B8227BF0074E254 /* CookiesTest.swift */ = {isa = PBXFileReference; lastKnownFileType = sourcecode.swift; path = CookiesTest.swift; sourceTree = "<group>"; };
		CC4264FD1B82309B0074E254 /* BinaryCookies.swift */ = {isa = PBXFileReference; fileEncoding = 4; lastKnownFileType = sourcecode.swift; path = BinaryCookies.swift; sourceTree = "<group>"; };
		CC4265001B8230CD0074E254 /* Info.plist */ = {isa = PBXFileReference; fileEncoding = 4; lastKnownFileType = text.plist.xml; path = Info.plist; sourceTree = "<group>"; };
/* End PBXFileReference section */

/* Begin PBXFrameworksBuildPhase section */
		CC4264C81B80EFCA0074E254 /* Frameworks */ = {
			isa = PBXFrameworksBuildPhase;
			buildActionMask = 2147483647;
			files = (
			);
			runOnlyForDeploymentPostprocessing = 0;
		};
		CC4264DC1B8227BF0074E254 /* Frameworks */ = {
			isa = PBXFrameworksBuildPhase;
			buildActionMask = 2147483647;
			files = (
			);
			runOnlyForDeploymentPostprocessing = 0;
		};
/* End PBXFrameworksBuildPhase section */

/* Begin PBXGroup section */
		CC4264C21B80EFCA0074E254 = {
			isa = PBXGroup;
			children = (
				CC4264CD1B80EFCA0074E254 /* Cookies */,
				CC4264E01B8227BF0074E254 /* CookiesTest */,
				CC4264CC1B80EFCA0074E254 /* Products */,
			);
			sourceTree = "<group>";
		};
		CC4264CC1B80EFCA0074E254 /* Products */ = {
			isa = PBXGroup;
			children = (
				CC4264CB1B80EFCA0074E254 /* Cookies */,
				CC4264DF1B8227BF0074E254 /* CookiesTest.xctest */,
			);
			name = Products;
			sourceTree = "<group>";
		};
		CC4264CD1B80EFCA0074E254 /* Cookies */ = {
			isa = PBXGroup;
			children = (
				CC4264CE1B80EFCA0074E254 /* main.swift */,
				CC4264FD1B82309B0074E254 /* BinaryCookies.swift */,
			);
			path = Cookies;
			sourceTree = "<group>";
		};
		CC4264E01B8227BF0074E254 /* CookiesTest */ = {
			isa = PBXGroup;
			children = (
				CC4264E11B8227BF0074E254 /* CookiesTest.swift */,
				CC4265001B8230CD0074E254 /* Info.plist */,
			);
			path = CookiesTest;
			sourceTree = "<group>";
		};
/* End PBXGroup section */

/* Begin PBXNativeTarget section */
		CC4264CA1B80EFCA0074E254 /* Cookies */ = {
			isa = PBXNativeTarget;
			buildConfigurationList = CC4264D21B80EFCA0074E254 /* Build configuration list for PBXNativeTarget "Cookies" */;
			buildPhases = (
				CC4264C71B80EFCA0074E254 /* Sources */,
				CC4264C81B80EFCA0074E254 /* Frameworks */,
				CC4264C91B80EFCA0074E254 /* CopyFiles */,
			);
			buildRules = (
			);
			dependencies = (
			);
			name = Cookies;
			productName = Cookies;
			productReference = CC4264CB1B80EFCA0074E254 /* Cookies */;
			productType = "com.apple.product-type.tool";
		};
		CC4264DE1B8227BF0074E254 /* CookiesTest */ = {
			isa = PBXNativeTarget;
			buildConfigurationList = CC4264E41B8227BF0074E254 /* Build configuration list for PBXNativeTarget "CookiesTest" */;
			buildPhases = (
				CC4264DB1B8227BF0074E254 /* Sources */,
				CC4264DC1B8227BF0074E254 /* Frameworks */,
				CC4264DD1B8227BF0074E254 /* Resources */,
			);
			buildRules = (
			);
			dependencies = (
			);
			name = CookiesTest;
			productName = CookiesTest;
			productReference = CC4264DF1B8227BF0074E254 /* CookiesTest.xctest */;
			productType = "com.apple.product-type.bundle.unit-test";
		};
/* End PBXNativeTarget section */

/* Begin PBXProject section */
		CC4264C31B80EFCA0074E254 /* Project object */ = {
			isa = PBXProject;
			attributes = {
				LastUpgradeCheck = 0700;
				ORGANIZATIONNAME = "Chad Scira";
				TargetAttributes = {
					CC4264CA1B80EFCA0074E254 = {
						CreatedOnToolsVersion = 7.0;
					};
					CC4264DE1B8227BF0074E254 = {
						CreatedOnToolsVersion = 7.0;
					};
				};
			};
			buildConfigurationList = CC4264C61B80EFCA0074E254 /* Build configuration list for PBXProject "Cookies" */;
			compatibilityVersion = "Xcode 3.2";
			developmentRegion = English;
			hasScannedForEncodings = 0;
			knownRegions = (
				en,
			);
			mainGroup = CC4264C21B80EFCA0074E254;
			productRefGroup = CC4264CC1B80EFCA0074E254 /* Products */;
			projectDirPath = "";
			projectRoot = "";
			targets = (
				CC4264CA1B80EFCA0074E254 /* Cookies */,
				CC4264DE1B8227BF0074E254 /* CookiesTest */,
			);
		};
/* End PBXProject section */

/* Begin PBXResourcesBuildPhase section */
		CC4264DD1B8227BF0074E254 /* Resources */ = {
			isa = PBXResourcesBuildPhase;
			buildActionMask = 2147483647;
			files = (
				CC4265011B8230CD0074E254 /* Info.plist in Resources */,
			);
			runOnlyForDeploymentPostprocessing = 0;
		};
/* End PBXResourcesBuildPhase section */

/* Begin PBXSourcesBuildPhase section */
		CC4264C71B80EFCA0074E254 /* Sources */ = {
			isa = PBXSourcesBuildPhase;
			buildActionMask = 2147483647;
			files = (
				CC4264FE1B82309B0074E254 /* BinaryCookies.swift in Sources */,
				CC4264CF1B80EFCA0074E254 /* main.swift in Sources */,
			);
			runOnlyForDeploymentPostprocessing = 0;
		};
		CC4264DB1B8227BF0074E254 /* Sources */ = {
			isa = PBXSourcesBuildPhase;
			buildActionMask = 2147483647;
			files = (
				CC4264FF1B82309B0074E254 /* BinaryCookies.swift in Sources */,
				CC4264E21B8227BF0074E254 /* CookiesTest.swift in Sources */,
			);
			runOnlyForDeploymentPostprocessing = 0;
		};
/* End PBXSourcesBuildPhase section */

/* Begin XCBuildConfiguration section */
		CC4264D01B80EFCA0074E254 /* Debug */ = {
			isa = XCBuildConfiguration;
			buildSettings = {
				ALWAYS_SEARCH_USER_PATHS = NO;
				CLANG_CXX_LANGUAGE_STANDARD = "gnu++0x";
				CLANG_CXX_LIBRARY = "libc++";
				CLANG_ENABLE_MODULES = YES;
				CLANG_ENABLE_OBJC_ARC = YES;
				CLANG_WARN_BOOL_CONVERSION = YES;
				CLANG_WARN_CONSTANT_CONVERSION = YES;
				CLANG_WARN_DIRECT_OBJC_ISA_USAGE = YES_ERROR;
				CLANG_WARN_EMPTY_BODY = YES;
				CLANG_WARN_ENUM_CONVERSION = YES;
				CLANG_WARN_INT_CONVERSION = YES;
				CLANG_WARN_OBJC_ROOT_CLASS = YES_ERROR;
				CLANG_WARN_UNREACHABLE_CODE = YES;
				CLANG_WARN__DUPLICATE_METHOD_MATCH = YES;
				COPY_PHASE_STRIP = NO;
				DEBUG_INFORMATION_FORMAT = dwarf;
				ENABLE_STRICT_OBJC_MSGSEND = YES;
				ENABLE_TESTABILITY = YES;
				GCC_C_LANGUAGE_STANDARD = gnu99;
				GCC_DYNAMIC_NO_PIC = NO;
				GCC_NO_COMMON_BLOCKS = YES;
				GCC_OPTIMIZATION_LEVEL = 0;
				GCC_PREPROCESSOR_DEFINITIONS = (
					"DEBUG=1",
					"$(inherited)",
				);
				GCC_WARN_64_TO_32_BIT_CONVERSION = YES;
				GCC_WARN_ABOUT_RETURN_TYPE = YES_ERROR;
				GCC_WARN_UNDECLARED_SELECTOR = YES;
				GCC_WARN_UNINITIALIZED_AUTOS = YES_AGGRESSIVE;
				GCC_WARN_UNUSED_FUNCTION = YES;
				GCC_WARN_UNUSED_VARIABLE = YES;
				MACOSX_DEPLOYMENT_TARGET = 10.10;
				MTL_ENABLE_DEBUG_INFO = YES;
				ONLY_ACTIVE_ARCH = YES;
				SDKROOT = macosx;
				SWIFT_OPTIMIZATION_LEVEL = "-Onone";
			};
			name = Debug;
		};
		CC4264D11B80EFCA0074E254 /* Release */ = {
			isa = XCBuildConfiguration;
			buildSettings = {
				ALWAYS_SEARCH_USER_PATHS = NO;
				CLANG_CXX_LANGUAGE_STANDARD = "gnu++0x";
				CLANG_CXX_LIBRARY = "libc++";
				CLANG_ENABLE_MODULES = YES;
				CLANG_ENABLE_OBJC_ARC = YES;
				CLANG_WARN_BOOL_CONVERSION = YES;
				CLANG_WARN_CONSTANT_CONVERSION = YES;
				CLANG_WARN_DIRECT_OBJC_ISA_USAGE = YES_ERROR;
				CLANG_WARN_EMPTY_BODY = YES;
				CLANG_WARN_ENUM_CONVERSION = YES;
				CLANG_WARN_INT_CONVERSION = YES;
				CLANG_WARN_OBJC_ROOT_CLASS = YES_ERROR;
				CLANG_WARN_UNREACHABLE_CODE = YES;
				CLANG_WARN__DUPLICATE_METHOD_MATCH = YES;
				COPY_PHASE_STRIP = NO;
				DEBUG_INFORMATION_FORMAT = "dwarf-with-dsym";
				ENABLE_NS_ASSERTIONS = NO;
				ENABLE_STRICT_OBJC_MSGSEND = YES;
				GCC_C_LANGUAGE_STANDARD = gnu99;
				GCC_NO_COMMON_BLOCKS = YES;
				GCC_WARN_64_TO_32_BIT_CONVERSION = YES;
				GCC_WARN_ABOUT_RETURN_TYPE = YES_ERROR;
				GCC_WARN_UNDECLARED_SELECTOR = YES;
				GCC_WARN_UNINITIALIZED_AUTOS = YES_AGGRESSIVE;
				GCC_WARN_UNUSED_FUNCTION = YES;
				GCC_WARN_UNUSED_VARIABLE = YES;
				MACOSX_DEPLOYMENT_TARGET = 10.10;
				MTL_ENABLE_DEBUG_INFO = NO;
				SDKROOT = macosx;
			};
			name = Release;
		};
		CC4264D31B80EFCA0074E254 /* Debug */ = {
			isa = XCBuildConfiguration;
			buildSettings = {
				PRODUCT_NAME = "$(TARGET_NAME)";
			};
			name = Debug;
		};
		CC4264D41B80EFCA0074E254 /* Release */ = {
			isa = XCBuildConfiguration;
			buildSettings = {
				PRODUCT_NAME = "$(TARGET_NAME)";
			};
			name = Release;
		};
		CC4264E51B8227BF0074E254 /* Debug */ = {
			isa = XCBuildConfiguration;
			buildSettings = {
				COMBINE_HIDPI_IMAGES = YES;
				INFOPLIST_FILE = CookiesTest/Info.plist;
				LD_RUNPATH_SEARCH_PATHS = "$(inherited) @executable_path/../Frameworks @loader_path/../Frameworks";
				PRODUCT_BUNDLE_IDENTIFIER = com.chadscira.CookiesTest;
				PRODUCT_NAME = "$(TARGET_NAME)";
			};
			name = Debug;
		};
		CC4264E61B8227BF0074E254 /* Release */ = {
			isa = XCBuildConfiguration;
			buildSettings = {
				COMBINE_HIDPI_IMAGES = YES;
				INFOPLIST_FILE = CookiesTest/Info.plist;
				LD_RUNPATH_SEARCH_PATHS = "$(inherited) @executable_path/../Frameworks @loader_path/../Frameworks";
				PRODUCT_BUNDLE_IDENTIFIER = com.chadscira.CookiesTest;
				PRODUCT_NAME = "$(TARGET_NAME)";
			};
			name = Release;
		};
/* End XCBuildConfiguration section */

/* Begin XCConfigurationList section */
		CC4264C61B80EFCA0074E254 /* Build configuration list for PBXProject "Cookies" */ = {
			isa = XCConfigurationList;
			buildConfigurations = (
				CC4264D01B80EFCA0074E254 /* Debug */,
				CC4264D11B80EFCA0074E254 /* Release */,
			);
			defaultConfigurationIsVisible = 0;
			defaultConfigurationName = Release;
		};
		CC4264D21B80EFCA0074E254 /* Build configuration list for PBXNativeTarget "Cookies" */ = {
			isa = XCConfigurationList;
			buildConfigurations = (
				CC4264D31B80EFCA0074E254 /* Debug */,
				CC4264D41B80EFCA0074E254 /* Release */,
			);
			defaultConfigurationIsVisible = 0;
			defaultConfigurationName = Release;
		};
		CC4264E41B8227BF0074E254 /* Build configuration list for PBXNativeTarget "CookiesTest" */ = {
			isa = XCConfigurationList;
			buildConfigurations = (
				CC4264E51B8227BF0074E254 /* Debug */,
				CC4264E61B8227BF0074E254 /* Release */,
			);
			defaultConfigurationIsVisible = 0;
		};
/* End XCConfigurationList section */
	};
	rootObject = CC4264C31B80EFCA0074E254 /* Project object */;
}
